
Microsoft Visual Studio Solution File, Format Version 12.00
# Visual Studio Express 15 for Windows Desktop
VisualStudioVersion = 15.0.27130.2003
MinimumVisualStudioVersion = 10.0.40219.1
Project("{FAE04EC0-301F-11D3-BF4B-00C04F79EFBC}") = "Ai_Prog_One_Search_Strategies_Algorithms_IN_Map", "Ai_Prog_One_Search_Strategies_Algorithms_IN_Map\Ai_Prog_One_Search_Strategies_Algorithms_IN_Map.csproj", "{6A4779B4-4E4A-4612-835A-C87959FB08F2}"
EndProject
Project("{FAE04EC0-301F-11D3-BF4B-00C04F79EFBC}") = "Ai_Prog_Two_Genetic_Algorithm", "Ai_Prog_Two_Genetic_Algorithm\Ai_Prog_Two_Genetic_Algorithm.csproj", "{F8CFCED1-AF56-4AA4-BC77-81BE867126C3}"
EndProject
Project("{FAE04EC0-301F-11D3-BF4B-00C04F79EFBC}") = "GA", "GA\GA.csproj", "{4CDB120C-BE4F-4AFF-A9BE-17B8A8A87584}"
EndProject
Global
	GlobalSection(SolutionConfigurationPlatforms) = preSolution
		Debug|Any CPU = Debug|Any CPU
		Release|Any CPU = Release|Any CPU
	EndGlobalSection
	GlobalSection(ProjectConfigurationPlatforms) = postSolution
		{6A4779B4-4E4A-4612-835A-C87959FB08F2}.Debug|Any CPU.ActiveCfg = Debug|Any CPU
		{6A4779B4-4E4A-4612-835A-C87959FB08F2}.Debug|Any CPU.Build.0 = Debug|Any CPU
		{6A4779B4-4E4A-4612-835A-C87959FB08F2}.Release|Any CPU.ActiveCfg = Release|Any CPU
		{6A4779B4-4E4A-4612-835A-C87959FB08F2}.Release|Any CPU.Build.0 = Release|Any CPU
		{F8CFCED1-AF56-4AA4-BC77-81BE867126C3}.Debug|Any CPU.ActiveCfg = Debug|Any CPU
		{F8CFCED1-AF56-4AA4-BC77-81BE867126C3}.Debug|Any CPU.Build.0 = Debug|Any CPU
		{F8CFCED1-AF56-4AA4-BC77-81BE867126C3}.Release|Any CPU.ActiveCfg = Release|Any CPU
		{F8CFCED1-AF56-4AA4-BC77-81BE867126C3}.Release|Any CPU.Build.0 = Release|Any CPU
		{4CDB120C-BE4F-4AFF-A9BE-17B8A8A87584}.Debug|Any CPU.ActiveCfg = Debug|Any CPU
		{4CDB120C-BE4F-4AFF-A9BE-17B8A8A87584}.Debug|Any CPU.Build.0 = Debug|Any CPU
		{4CDB120C-BE4F-4AFF-A9BE-17B8A8A87584}.Release|Any CPU.ActiveCfg = Release|Any CPU
		{4CDB120C-BE4F-4AFF-A9BE-17B8A8A87584}.Release|Any CPU.Build.0 = Release|Any CPU
	EndGlobalSection
	GlobalSection(SolutionProperties) = preSolution
		HideSolutionNode = FALSE
	EndGlobalSection
	GlobalSection(ExtensibilityGlobals) = postSolution
		SolutionGuid = {2904332B-FF02-4B06-90C2-C296E7AAD838}
	EndGlobalSection
EndGlobal
